
Microsoft Visual Studio Solution File, Format Version 12.00
# Visual Studio Version 16
VisualStudioVersion = 16.0.30611.23
MinimumVisualStudioVersion = 10.0.40219.1
Project("{FAE04EC0-301F-11D3-BF4B-00C04F79EFBC}") = "Task3", "Lesson5\Task3.csproj", "{00AA2325-9194-4B4F-B664-F70967D38F1A}"
EndProject
Global
	GlobalSection(SolutionConfigurationPlatforms) = preSolution
		Debug|Any CPU = Debug|Any CPU
		Release|Any CPU = Release|Any CPU
	EndGlobalSection
	GlobalSection(ProjectConfigurationPlatforms) = postSolution
		{00AA2325-9194-4B4F-B664-F70967D38F1A}.Debug|Any CPU.ActiveCfg = Debug|Any CPU
		{00AA2325-9194-4B4F-B664-F70967D38F1A}.Debug|Any CPU.Build.0 = Debug|Any CPU
		{00AA2325-9194-4B4F-B664-F70967D38F1A}.Release|Any CPU.ActiveCfg = Release|Any CPU
		{00AA2325-9194-4B4F-B664-F70967D38F1A}.Release|Any CPU.Build.0 = Release|Any CPU
	EndGlobalSection
	GlobalSection(SolutionProperties) = preSolution
		HideSolutionNode = FALSE
	EndGlobalSection
	GlobalSection(ExtensibilityGlobals) = postSolution
		SolutionGuid = {95846C90-7FD0-4FB3-90FC-A9AD729CA6C6}
	EndGlobalSection
EndGlobal
